
Microsoft Visual Studio Solution File, Format Version 11.00
# Visual Basic Express 2010
Project("{F184B08F-C81C-45F6-A57F-5ABD9991F28F}") = "logger", "logger.vbproj", "{8C948821-E19E-4DF6-B58C-88A835F2B363}"
EndProject
Global
	GlobalSection(SolutionConfigurationPlatforms) = preSolution
		Debug|Any CPU = Debug|Any CPU
		Release|Any CPU = Release|Any CPU
	EndGlobalSection
	GlobalSection(ProjectConfigurationPlatforms) = postSolution
		{8C948821-E19E-4DF6-B58C-88A835F2B363}.Debug|Any CPU.ActiveCfg = Debug|Any CPU
		{8C948821-E19E-4DF6-B58C-88A835F2B363}.Debug|Any CPU.Build.0 = Debug|Any CPU
		{8C948821-E19E-4DF6-B58C-88A835F2B363}.Release|Any CPU.ActiveCfg = Release|Any CPU
		{8C948821-E19E-4DF6-B58C-88A835F2B363}.Release|Any CPU.Build.0 = Release|Any CPU
	EndGlobalSection
	GlobalSection(SolutionProperties) = preSolution
		HideSolutionNode = FALSE
	EndGlobalSection
EndGlobal
